
Microsoft Visual Studio Solution File, Format Version 12.00
Project("{FAE04EC0-301F-11D3-BF4B-00C04F79EFBC}") = "CovidChart.Api", "CovidChart.Api\CovidChart.Api.csproj", "{3ABAD5FD-CB01-475F-AEDF-1169F9799ED5}"
EndProject
Project("{FAE04EC0-301F-11D3-BF4B-00C04F79EFBC}") = "CovidChart.Web", "CovidChart.Web\CovidChart.Web.csproj", "{032239B1-BEA2-464B-863C-331BF7B24AB3}"
EndProject
Global
	GlobalSection(SolutionConfigurationPlatforms) = preSolution
		Debug|Any CPU = Debug|Any CPU
		Release|Any CPU = Release|Any CPU
	EndGlobalSection
	GlobalSection(ProjectConfigurationPlatforms) = postSolution
		{3ABAD5FD-CB01-475F-AEDF-1169F9799ED5}.Debug|Any CPU.ActiveCfg = Debug|Any CPU
		{3ABAD5FD-CB01-475F-AEDF-1169F9799ED5}.Debug|Any CPU.Build.0 = Debug|Any CPU
		{3ABAD5FD-CB01-475F-AEDF-1169F9799ED5}.Release|Any CPU.ActiveCfg = Release|Any CPU
		{3ABAD5FD-CB01-475F-AEDF-1169F9799ED5}.Release|Any CPU.Build.0 = Release|Any CPU
		{032239B1-BEA2-464B-863C-331BF7B24AB3}.Debug|Any CPU.ActiveCfg = Debug|Any CPU
		{032239B1-BEA2-464B-863C-331BF7B24AB3}.Debug|Any CPU.Build.0 = Debug|Any CPU
		{032239B1-BEA2-464B-863C-331BF7B24AB3}.Release|Any CPU.ActiveCfg = Release|Any CPU
		{032239B1-BEA2-464B-863C-331BF7B24AB3}.Release|Any CPU.Build.0 = Release|Any CPU
	EndGlobalSection
EndGlobal
